
Microsoft Visual Studio Solution File, Format Version 12.00
# Visual Studio 15
VisualStudioVersion = 15.0.27004.2010
MinimumVisualStudioVersion = 10.0.40219.1
Project("{8BC9CEB8-8B4A-11D0-8D11-00A0C91BC942}") = "11_29_2017 Class", "11_29_2017 Class\11_29_2017 Class.vcxproj", "{5477BD09-7717-4E46-88AE-9BB1AFB2ADDE}"
EndProject
Global
	GlobalSection(SolutionConfigurationPlatforms) = preSolution
		Debug|x64 = Debug|x64
		Debug|x86 = Debug|x86
		Release|x64 = Release|x64
		Release|x86 = Release|x86
	EndGlobalSection
	GlobalSection(ProjectConfigurationPlatforms) = postSolution
		{5477BD09-7717-4E46-88AE-9BB1AFB2ADDE}.Debug|x64.ActiveCfg = Debug|x64
		{5477BD09-7717-4E46-88AE-9BB1AFB2ADDE}.Debug|x64.Build.0 = Debug|x64
		{5477BD09-7717-4E46-88AE-9BB1AFB2ADDE}.Debug|x86.ActiveCfg = Debug|Win32
		{5477BD09-7717-4E46-88AE-9BB1AFB2ADDE}.Debug|x86.Build.0 = Debug|Win32
		{5477BD09-7717-4E46-88AE-9BB1AFB2ADDE}.Release|x64.ActiveCfg = Release|x64
		{5477BD09-7717-4E46-88AE-9BB1AFB2ADDE}.Release|x64.Build.0 = Release|x64
		{5477BD09-7717-4E46-88AE-9BB1AFB2ADDE}.Release|x86.ActiveCfg = Release|Win32
		{5477BD09-7717-4E46-88AE-9BB1AFB2ADDE}.Release|x86.Build.0 = Release|Win32
	EndGlobalSection
	GlobalSection(SolutionProperties) = preSolution
		HideSolutionNode = FALSE
	EndGlobalSection
	GlobalSection(ExtensibilityGlobals) = postSolution
		SolutionGuid = {6198A3AA-B6D1-47D9-9AE3-094198F25EEE}
	EndGlobalSection
EndGlobal
